
Microsoft Visual Studio Solution File, Format Version 12.00
# Visual Studio Version 17
VisualStudioVersion = 17.8.34525.116
MinimumVisualStudioVersion = 10.0.40219.1
Project("{8BC9CEB8-8B4A-11D0-8D11-00A0C91BC942}") = "laba 1.2", "laba 1.2\laba 1.2.vcxproj", "{1BF8EAEF-0806-41DF-867F-121046943435}"
EndProject
Global
	GlobalSection(SolutionConfigurationPlatforms) = preSolution
		Debug|x64 = Debug|x64
		Debug|x86 = Debug|x86
		Release|x64 = Release|x64
		Release|x86 = Release|x86
	EndGlobalSection
	GlobalSection(ProjectConfigurationPlatforms) = postSolution
		{1BF8EAEF-0806-41DF-867F-121046943435}.Debug|x64.ActiveCfg = Debug|x64
		{1BF8EAEF-0806-41DF-867F-121046943435}.Debug|x64.Build.0 = Debug|x64
		{1BF8EAEF-0806-41DF-867F-121046943435}.Debug|x86.ActiveCfg = Debug|Win32
		{1BF8EAEF-0806-41DF-867F-121046943435}.Debug|x86.Build.0 = Debug|Win32
		{1BF8EAEF-0806-41DF-867F-121046943435}.Release|x64.ActiveCfg = Release|x64
		{1BF8EAEF-0806-41DF-867F-121046943435}.Release|x64.Build.0 = Release|x64
		{1BF8EAEF-0806-41DF-867F-121046943435}.Release|x86.ActiveCfg = Release|Win32
		{1BF8EAEF-0806-41DF-867F-121046943435}.Release|x86.Build.0 = Release|Win32
	EndGlobalSection
	GlobalSection(SolutionProperties) = preSolution
		HideSolutionNode = FALSE
	EndGlobalSection
	GlobalSection(ExtensibilityGlobals) = postSolution
		SolutionGuid = {837E4A79-6AA3-46F8-8116-2B0A85744346}
	EndGlobalSection
EndGlobal
